
Microsoft Visual Studio Solution File, Format Version 12.00
# Visual Studio Version 17
VisualStudioVersion = 17.3.32901.215
MinimumVisualStudioVersion = 10.0.40219.1
Project("{FAE04EC0-301F-11D3-BF4B-00C04F79EFBC}") = "Pointers", "Pointers\Pointers.csproj", "{42B4E6A1-8E31-470B-821E-FC2DF61AE80C}"
EndProject
Global
	GlobalSection(SolutionConfigurationPlatforms) = preSolution
		Debug|Any CPU = Debug|Any CPU
		Release|Any CPU = Release|Any CPU
	EndGlobalSection
	GlobalSection(ProjectConfigurationPlatforms) = postSolution
		{42B4E6A1-8E31-470B-821E-FC2DF61AE80C}.Debug|Any CPU.ActiveCfg = Debug|Any CPU
		{42B4E6A1-8E31-470B-821E-FC2DF61AE80C}.Debug|Any CPU.Build.0 = Debug|Any CPU
		{42B4E6A1-8E31-470B-821E-FC2DF61AE80C}.Release|Any CPU.ActiveCfg = Release|Any CPU
		{42B4E6A1-8E31-470B-821E-FC2DF61AE80C}.Release|Any CPU.Build.0 = Release|Any CPU
	EndGlobalSection
	GlobalSection(SolutionProperties) = preSolution
		HideSolutionNode = FALSE
	EndGlobalSection
	GlobalSection(ExtensibilityGlobals) = postSolution
		SolutionGuid = {4168DE3D-A66A-4736-8BAC-65C2D2CB9D56}
	EndGlobalSection
EndGlobal
